
Microsoft Visual Studio Solution File, Format Version 12.00
# Visual Studio Version 17
VisualStudioVersion = 17.11.35312.102
MinimumVisualStudioVersion = 10.0.40219.1
Project("{9A19103F-16F7-4668-BE54-9A1E7A4F7556}") = "InvenPro.Web", "InvenPro.Web\InvenPro.Web.csproj", "{3ECE19AA-1DBB-4563-A455-47845FF25CD9}"
EndProject
Project("{9A19103F-16F7-4668-BE54-9A1E7A4F7556}") = "InvenPro.API", "InvenPro.API\InvenPro.API.csproj", "{7950FB3C-7156-41ED-B494-F1E703DE3CD5}"
EndProject
Project("{9A19103F-16F7-4668-BE54-9A1E7A4F7556}") = "InvenPro.Domain", "InvenPro.Domain\InvenPro.Domain.csproj", "{EC12EECF-AE4E-4394-A927-51D22E7D8CE4}"
EndProject
Project("{9A19103F-16F7-4668-BE54-9A1E7A4F7556}") = "InvenPro.Application", "InvenPro.Application\InvenPro.Application.csproj", "{EB94E9EB-3F39-49F5-BD40-0B903C3D0059}"
EndProject
Project("{9A19103F-16F7-4668-BE54-9A1E7A4F7556}") = "InvenPro.Infraestructure", "InvenPro.Infraestructure\InvenPro.Infraestructure.csproj", "{2344C19C-486B-4FF6-99B6-04D9AED75B05}"
EndProject
Global
	GlobalSection(SolutionConfigurationPlatforms) = preSolution
		Debug|Any CPU = Debug|Any CPU
		Release|Any CPU = Release|Any CPU
	EndGlobalSection
	GlobalSection(ProjectConfigurationPlatforms) = postSolution
		{3ECE19AA-1DBB-4563-A455-47845FF25CD9}.Debug|Any CPU.ActiveCfg = Debug|Any CPU
		{3ECE19AA-1DBB-4563-A455-47845FF25CD9}.Debug|Any CPU.Build.0 = Debug|Any CPU
		{3ECE19AA-1DBB-4563-A455-47845FF25CD9}.Release|Any CPU.ActiveCfg = Release|Any CPU
		{3ECE19AA-1DBB-4563-A455-47845FF25CD9}.Release|Any CPU.Build.0 = Release|Any CPU
		{7950FB3C-7156-41ED-B494-F1E703DE3CD5}.Debug|Any CPU.ActiveCfg = Debug|Any CPU
		{7950FB3C-7156-41ED-B494-F1E703DE3CD5}.Debug|Any CPU.Build.0 = Debug|Any CPU
		{7950FB3C-7156-41ED-B494-F1E703DE3CD5}.Release|Any CPU.ActiveCfg = Release|Any CPU
		{7950FB3C-7156-41ED-B494-F1E703DE3CD5}.Release|Any CPU.Build.0 = Release|Any CPU
		{EC12EECF-AE4E-4394-A927-51D22E7D8CE4}.Debug|Any CPU.ActiveCfg = Debug|Any CPU
		{EC12EECF-AE4E-4394-A927-51D22E7D8CE4}.Debug|Any CPU.Build.0 = Debug|Any CPU
		{EC12EECF-AE4E-4394-A927-51D22E7D8CE4}.Release|Any CPU.ActiveCfg = Release|Any CPU
		{EC12EECF-AE4E-4394-A927-51D22E7D8CE4}.Release|Any CPU.Build.0 = Release|Any CPU
		{EB94E9EB-3F39-49F5-BD40-0B903C3D0059}.Debug|Any CPU.ActiveCfg = Debug|Any CPU
		{EB94E9EB-3F39-49F5-BD40-0B903C3D0059}.Debug|Any CPU.Build.0 = Debug|Any CPU
		{EB94E9EB-3F39-49F5-BD40-0B903C3D0059}.Release|Any CPU.ActiveCfg = Release|Any CPU
		{EB94E9EB-3F39-49F5-BD40-0B903C3D0059}.Release|Any CPU.Build.0 = Release|Any CPU
		{2344C19C-486B-4FF6-99B6-04D9AED75B05}.Debug|Any CPU.ActiveCfg = Debug|Any CPU
		{2344C19C-486B-4FF6-99B6-04D9AED75B05}.Debug|Any CPU.Build.0 = Debug|Any CPU
		{2344C19C-486B-4FF6-99B6-04D9AED75B05}.Release|Any CPU.ActiveCfg = Release|Any CPU
		{2344C19C-486B-4FF6-99B6-04D9AED75B05}.Release|Any CPU.Build.0 = Release|Any CPU
	EndGlobalSection
	GlobalSection(SolutionProperties) = preSolution
		HideSolutionNode = FALSE
	EndGlobalSection
	GlobalSection(ExtensibilityGlobals) = postSolution
		SolutionGuid = {1BB0B9E4-0A5C-4B5D-B799-E5C2B137A91B}
	EndGlobalSection
EndGlobal
